{
  "name": "project_auto",
  "version": "0.0.0",
  "lockfileVersion": 3,
  "requires": true,
  "packages": {
    "": {
      "name": "project_auto",
      "version": "0.0.0",
      "license": "MIT",
      "dependencies": {
        "bootstrap": "^5.3.8",
        "bootstrap-icons": "^1.10.0",
        "datatables.net": "^1.13.4",
        "datatables.net-bs5": "^1.13.4",
        "jquery": "^3.6.0",
        "ws": "^8.21.0"
      },
      "devDependencies": {
        "@prettier/plugin-php": "^0.22.4",
        "prettier": "^3.8.4"
      }
    },
    "node_modules/@popperjs/core": {
      "version": "2.11.8",
      "resolved": "https://registry.npmjs.org/@popperjs/core/-/core-2.11.8.tgz",
      "integrity": "sha512-P1st0aksCrn9sGZhp8GMYwBnQsbvAWsZAX44oXNNvLHGqAOcoVxmjZiohstwQ7SqKnbR47akdNi+uleWD8+g6A==",
      "license": "MIT",
      "peer": true,
      "funding": {
        "type": "opencollective",
        "url": "https://opencollective.com/popperjs"
      }
    },
    "node_modules/@prettier/plugin-php": {
      "version": "0.22.4",
      "resolved": "https://registry.npmjs.org/@prettier/plugin-php/-/plugin-php-0.22.4.tgz",
      "integrity": "sha512-uZWqfyrwsxScIYkmVcfnoQGFmKVMXTHD5pqYT4l8fxzm5P3XY94hTPbf8X6TFCi2QTZBIot7GS8lfIjQjldc2g==",
      "dev": true,
      "license": "MIT",
      "dependencies": {
        "linguist-languages": "^7.27.0",
        "php-parser": "^3.1.5"
      },
      "peerDependencies": {
        "prettier": "^3.0.0"
      }
    },
    "node_modules/bootstrap": {
      "version": "5.3.8",
      "resolved": "https://registry.npmjs.org/bootstrap/-/bootstrap-5.3.8.tgz",
      "integrity": "sha512-HP1SZDqaLDPwsNiqRqi5NcP0SSXciX2s9E+RyqJIIqGo+vJeN5AJVM98CXmW/Wux0nQ5L7jeWUdplCEf0Ee+tg==",
      "funding": [
        {
          "type": "github",
          "url": "https://github.com/sponsors/twbs"
        },
        {
          "type": "opencollective",
          "url": "https://opencollective.com/bootstrap"
        }
      ],
      "license": "MIT",
      "peerDependencies": {
        "@popperjs/core": "^2.11.8"
      }
    },
    "node_modules/bootstrap-icons": {
      "version": "1.13.1",
      "resolved": "https://registry.npmjs.org/bootstrap-icons/-/bootstrap-icons-1.13.1.tgz",
      "integrity": "sha512-ijombt4v6bv5CLeXvRWKy7CuM3TRTuPEuGaGKvTV5cz65rQSY8RQ2JcHt6b90cBBAC7s8fsf2EkQDldzCoXUjw==",
      "funding": [
        {
          "type": "github",
          "url": "https://github.com/sponsors/twbs"
        },
        {
          "type": "opencollective",
          "url": "https://opencollective.com/bootstrap"
        }
      ],
      "license": "MIT"
    },
    "node_modules/datatables.net": {
      "version": "1.13.11",
      "resolved": "https://registry.npmjs.org/datatables.net/-/datatables.net-1.13.11.tgz",
      "integrity": "sha512-AE6RkMXziRaqzPcu/pl3SJXeRa6fmXQG/fVjuRESujvkzqDCYEeKTTpPMuVJSGYJpPi32WGSphVNNY1G4nSN/g==",
      "license": "MIT",
      "dependencies": {
        "jquery": "1.8 - 4"
      }
    },
    "node_modules/datatables.net-bs5": {
      "version": "1.13.11",
      "resolved": "https://registry.npmjs.org/datatables.net-bs5/-/datatables.net-bs5-1.13.11.tgz",
      "integrity": "sha512-NQO15TjXo4xvZ0jReC4Uf86ezbQzPQPdaN2YncrCPhzQ6fx+2WD7DUq4ur0HbAcYHo94/M+MtD5Ch29To7Rj3Q==",
      "license": "MIT",
      "dependencies": {
        "datatables.net": "1.13.11",
        "jquery": "1.8 - 4"
      }
    },
    "node_modules/jquery": {
      "version": "3.7.1",
      "resolved": "https://registry.npmjs.org/jquery/-/jquery-3.7.1.tgz",
      "integrity": "sha512-m4avr8yL8kmFN8psrbFFFmB/If14iN5o9nw/NgnnM+kybDJpRsAynV2BsfpTYrTRysYUdADVD7CkUUizgkpLfg==",
      "license": "MIT"
    },
    "node_modules/linguist-languages": {
      "version": "7.31.2",
      "resolved": "https://registry.npmjs.org/linguist-languages/-/linguist-languages-7.31.2.tgz",
      "integrity": "sha512-UQv5iuzEcGoYWdc/Ea2yqLiFbe8rQmIa5uD1FLwF5vBYmwbTvJlPJfHaIVtfYZTQf2wg7pzhxkwkGPP3q+v+EA==",
      "dev": true,
      "license": "MIT"
    },
    "node_modules/php-parser": {
      "version": "3.7.0",
      "resolved": "https://registry.npmjs.org/php-parser/-/php-parser-3.7.0.tgz",
      "integrity": "sha512-JRc1t78GZAEa+MuzVC5A5RJS1NDFTS4UnprUEu/NnsN9cyHbGZLUqghO9IQZUSCay62HYQiWd3PxyWAEF45zmA==",
      "dev": true,
      "license": "BSD-3-Clause"
    },
    "node_modules/prettier": {
      "version": "3.8.4",
      "resolved": "https://registry.npmjs.org/prettier/-/prettier-3.8.4.tgz",
      "integrity": "sha512-N2MylSdi48+5N/6S5j+maeHbUSIzzZ5uOcX5Hm4QpV8Dkb1HFjfAKTKX6yNPJQD9AhcT3ifHNB66tWTTJDi11Q==",
      "dev": true,
      "license": "MIT",
      "bin": {
        "prettier": "bin/prettier.cjs"
      },
      "engines": {
        "node": ">=14"
      },
      "funding": {
        "url": "https://github.com/prettier/prettier?sponsor=1"
      }
    },
    "node_modules/ws": {
      "version": "8.21.0",
      "resolved": "https://registry.npmjs.org/ws/-/ws-8.21.0.tgz",
      "integrity": "sha512-Vsp28b7DRcimFQvrqu2Wek3z1iYxDCWqHYB8Qsnk/S4RfaCQzPGPyBNuVjJV3cd6UiKtUtp6sNM77gWvzcCH+g==",
      "license": "MIT",
      "engines": {
        "node": ">=10.0.0"
      },
      "peerDependencies": {
        "bufferutil": "^4.0.1",
        "utf-8-validate": ">=5.0.2"
      },
      "peerDependenciesMeta": {
        "bufferutil": {
          "optional": true
        },
        "utf-8-validate": {
          "optional": true
        }
      }
    }
  }
}
